// !$*UTF8*$!
{
	archiveVersion = 1;
	classes = {
	};
	objectVersion = 46;
	objects = {

/* Begin PBXBuildFile section */
		068F5848AB864309B2DEC0B8 /* libPods.a in Frameworks */ = {isa = PBXBuildFile; fileRef = BAEC5882914944C4B8E2DE24 /* libPods.a */; };
		E51FD50218F0864C0098AD11 /* ProfileViewController.m in Sources */ = {isa = PBXBuildFile; fileRef = E51FD50018F0864C0098AD11 /* ProfileViewController.m */; };
		E51FD50318F0864C0098AD11 /* ProfileViewController.xib in Resources */ = {isa = PBXBuildFile; fileRef = E51FD50118F0864C0098AD11 /* ProfileViewController.xib */; };
		E51FD50518F1615B0098AD11 /* AnotherCollectionCell.xib in Resources */ = {isa = PBXBuildFile; fileRef = E51FD50418F1615B0098AD11 /* AnotherCollectionCell.xib */; };
		E522BABA18AE13F600ECD375 /* Foundation.framework in Frameworks */ = {isa = PBXBuildFile; fileRef = E522BAB918AE13F600ECD375 /* Foundation.framework */; };
		E522BABC18AE13F600ECD375 /* CoreGraphics.framework in Frameworks */ = {isa = PBXBuildFile; fileRef = E522BABB18AE13F600ECD375 /* CoreGraphics.framework */; };
		E522BABE18AE13F600ECD375 /* UIKit.framework in Frameworks */ = {isa = PBXBuildFile; fileRef = E522BABD18AE13F600ECD375 /* UIKit.framework */; };
		E522BAC418AE13F600ECD375 /* InfoPlist.strings in Resources */ = {isa = PBXBuildFile; fileRef = E522BAC218AE13F600ECD375 /* InfoPlist.strings */; };
		E522BAC618AE13F600ECD375 /* main.m in Sources */ = {isa = PBXBuildFile; fileRef = E522BAC518AE13F600ECD375 /* main.m */; };
		E522BACA18AE13F600ECD375 /* AppDelegate.m in Sources */ = {isa = PBXBuildFile; fileRef = E522BAC918AE13F600ECD375 /* AppDelegate.m */; };
		E522BAD218AE13F600ECD375 /* Images.xcassets in Resources */ = {isa = PBXBuildFile; fileRef = E522BAD118AE13F600ECD375 /* Images.xcassets */; };
		E522BAD918AE13F600ECD375 /* XCTest.framework in Frameworks */ = {isa = PBXBuildFile; fileRef = E522BAD818AE13F600ECD375 /* XCTest.framework */; };
		E522BADA18AE13F600ECD375 /* Foundation.framework in Frameworks */ = {isa = PBXBuildFile; fileRef = E522BAB918AE13F600ECD375 /* Foundation.framework */; };
		E522BADB18AE13F600ECD375 /* UIKit.framework in Frameworks */ = {isa = PBXBuildFile; fileRef = E522BABD18AE13F600ECD375 /* UIKit.framework */; };
		E522BAE318AE13F600ECD375 /* InfoPlist.strings in Resources */ = {isa = PBXBuildFile; fileRef = E522BAE118AE13F600ECD375 /* InfoPlist.strings */; };
		E522BAE518AE13F600ECD375 /* tumitfahrerTests.m in Sources */ = {isa = PBXBuildFile; fileRef = E522BAE418AE13F600ECD375 /* tumitfahrerTests.m */; };
		E53D5D0018B14C39004016F8 /* QuartzCore.framework in Frameworks */ = {isa = PBXBuildFile; fileRef = E53D5CFF18B14C39004016F8 /* QuartzCore.framework */; };
		E59987C918E6DBEA00B01C62 /* RideRequestsViewController.m in Sources */ = {isa = PBXBuildFile; fileRef = E59987C718E6DBEA00B01C62 /* RideRequestsViewController.m */; };
		E59987CA18E6DBEA00B01C62 /* RideRequestsViewController.xib in Resources */ = {isa = PBXBuildFile; fileRef = E59987C818E6DBEA00B01C62 /* RideRequestsViewController.xib */; };
		E59987D018E6E47F00B01C62 /* LoginViewController.m in Sources */ = {isa = PBXBuildFile; fileRef = E59987CE18E6E47F00B01C62 /* LoginViewController.m */; };
		E59987D118E6E47F00B01C62 /* LoginViewController.xib in Resources */ = {isa = PBXBuildFile; fileRef = E59987CF18E6E47F00B01C62 /* LoginViewController.xib */; };
		E59987D718E6ECF200B01C62 /* CustomTextField.m in Sources */ = {isa = PBXBuildFile; fileRef = E59987D618E6ECF200B01C62 /* CustomTextField.m */; };
		E59987D918E6F66E00B01C62 /* customIcon.png in Resources */ = {isa = PBXBuildFile; fileRef = E59987D818E6F66E00B01C62 /* customIcon.png */; };
		E59987DC18E701AF00B01C62 /* CustomButton.m in Sources */ = {isa = PBXBuildFile; fileRef = E59987DB18E701AF00B01C62 /* CustomButton.m */; };
		E59987EF18E70A4B00B01C62 /* background.png in Resources */ = {isa = PBXBuildFile; fileRef = E59987ED18E70A4B00B01C62 /* background.png */; };
		E59987F018E70A4B00B01C62 /* background@2x.png in Resources */ = {isa = PBXBuildFile; fileRef = E59987EE18E70A4B00B01C62 /* background@2x.png */; };
		E59987F218E70B8800B01C62 /* inputTextBox.png in Resources */ = {isa = PBXBuildFile; fileRef = E59987F118E70B8800B01C62 /* inputTextBox.png */; };
		E59987F518E70DD100B01C62 /* blueButton.png in Resources */ = {isa = PBXBuildFile; fileRef = E59987F318E70DD100B01C62 /* blueButton.png */; };
		E59987F618E70DD100B01C62 /* blueButton@2x.png in Resources */ = {isa = PBXBuildFile; fileRef = E59987F418E70DD100B01C62 /* blueButton@2x.png */; };
		E59987FB18E7251000B01C62 /* RegisterViewController.m in Sources */ = {isa = PBXBuildFile; fileRef = E59987F918E7251000B01C62 /* RegisterViewController.m */; };
		E59987FC18E7251000B01C62 /* RegisterViewController.xib in Resources */ = {isa = PBXBuildFile; fileRef = E59987FA18E7251000B01C62 /* RegisterViewController.xib */; };
		E599880118E72BF600B01C62 /* ForgotPasswordViewController.m in Sources */ = {isa = PBXBuildFile; fileRef = E59987FF18E72BF500B01C62 /* ForgotPasswordViewController.m */; };
		E599880218E72BF600B01C62 /* ForgotPasswordViewController.xib in Resources */ = {isa = PBXBuildFile; fileRef = E599880018E72BF600B01C62 /* ForgotPasswordViewController.xib */; };
		E599880B18E7836D00B01C62 /* MenuViewController.m in Sources */ = {isa = PBXBuildFile; fileRef = E599880918E7836D00B01C62 /* MenuViewController.m */; };
		E599880C18E7836D00B01C62 /* MenuViewController.xib in Resources */ = {isa = PBXBuildFile; fileRef = E599880A18E7836D00B01C62 /* MenuViewController.xib */; };
		E599880E18E7FB1600B01C62 /* AVFoundation.framework in Frameworks */ = {isa = PBXBuildFile; fileRef = E599880D18E7FB1600B01C62 /* AVFoundation.framework */; };
		E599881118E7FC5900B01C62 /* MediaPlayer.framework in Frameworks */ = {isa = PBXBuildFile; fileRef = E599881018E7FC5900B01C62 /* MediaPlayer.framework */; };
		E599881918E804E500B01C62 /* highway-nosound@2x.mp4 in Resources */ = {isa = PBXBuildFile; fileRef = E599881818E804E500B01C62 /* highway-nosound@2x.mp4 */; };
		E599882018E8145500B01C62 /* road.png in Resources */ = {isa = PBXBuildFile; fileRef = E599881E18E8145500B01C62 /* road.png */; };
		E599882118E8145500B01C62 /* road@2x.png in Resources */ = {isa = PBXBuildFile; fileRef = E599881F18E8145500B01C62 /* road@2x.png */; };
		E599882618E821D700B01C62 /* circle.png in Resources */ = {isa = PBXBuildFile; fileRef = E599882418E821D700B01C62 /* circle.png */; };
		E599882718E821D700B01C62 /* circle@2x.png in Resources */ = {isa = PBXBuildFile; fileRef = E599882518E821D700B01C62 /* circle@2x.png */; };
		E599885C18E84CE600B01C62 /* gradientBackground.png in Resources */ = {isa = PBXBuildFile; fileRef = E599885A18E84CE600B01C62 /* gradientBackground.png */; };
		E599885D18E84CE600B01C62 /* gradientBackground@2x.png in Resources */ = {isa = PBXBuildFile; fileRef = E599885B18E84CE600B01C62 /* gradientBackground@2x.png */; };
		E599886218E84D9D00B01C62 /* MenuTableViewCell.m in Sources */ = {isa = PBXBuildFile; fileRef = E599886018E84D9D00B01C62 /* MenuTableViewCell.m */; };
		E599886318E84D9D00B01C62 /* MenuTableViewCell.xib in Resources */ = {isa = PBXBuildFile; fileRef = E599886118E84D9D00B01C62 /* MenuTableViewCell.xib */; };
		E599886518E8559500B01C62 /* garching.png in Resources */ = {isa = PBXBuildFile; fileRef = E599886418E8559500B01C62 /* garching.png */; };
		E599887218E8616200B01C62 /* HATransitionController.m in Sources */ = {isa = PBXBuildFile; fileRef = E599886F18E8616200B01C62 /* HATransitionController.m */; };
		E599887318E8616200B01C62 /* HATransitionLayout.m in Sources */ = {isa = PBXBuildFile; fileRef = E599887118E8616200B01C62 /* HATransitionLayout.m */; };
		E599887818E8617100B01C62 /* HACollectionViewLargeLayout.m in Sources */ = {isa = PBXBuildFile; fileRef = E599887518E8617100B01C62 /* HACollectionViewLargeLayout.m */; };
		E599887918E8617100B01C62 /* HACollectionViewSmallLayout.m in Sources */ = {isa = PBXBuildFile; fileRef = E599887718E8617100B01C62 /* HACollectionViewSmallLayout.m */; };
		E599888118E88A0000B01C62 /* NibCell.xib in Resources */ = {isa = PBXBuildFile; fileRef = E599888018E88A0000B01C62 /* NibCell.xib */; };
		E599888418E88C5100B01C62 /* HAPaperCollectionViewController.m in Sources */ = {isa = PBXBuildFile; fileRef = E599888318E88C5100B01C62 /* HAPaperCollectionViewController.m */; };
		E5DF641018EB46F900D53164 /* RideDetailsViewController.m in Sources */ = {isa = PBXBuildFile; fileRef = E5DF640E18EB46F900D53164 /* RideDetailsViewController.m */; };
		E5DF641118EB46F900D53164 /* RideDetailsViewController.xib in Resources */ = {isa = PBXBuildFile; fileRef = E5DF640F18EB46F900D53164 /* RideDetailsViewController.xib */; };
		E5DF641518EB548E00D53164 /* SettingsViewController.m in Sources */ = {isa = PBXBuildFile; fileRef = E5DF641318EB548E00D53164 /* SettingsViewController.m */; };
		E5DF641618EB548E00D53164 /* SettingsViewController.xib in Resources */ = {isa = PBXBuildFile; fileRef = E5DF641418EB548E00D53164 /* SettingsViewController.xib */; };
		E5DF641B18EB56A600D53164 /* ActivityRidesViewController.m in Sources */ = {isa = PBXBuildFile; fileRef = E5DF641918EB56A600D53164 /* ActivityRidesViewController.m */; };
		E5DF641C18EB56A600D53164 /* ActivityRidesViewController.xib in Resources */ = {isa = PBXBuildFile; fileRef = E5DF641A18EB56A600D53164 /* ActivityRidesViewController.xib */; };
		E5DF641F18EB639600D53164 /* CampusRidesViewController.m in Sources */ = {isa = PBXBuildFile; fileRef = E5DF641E18EB639600D53164 /* CampusRidesViewController.m */; };
		E5DF642118EB64BD00D53164 /* CollectionCell.xib in Resources */ = {isa = PBXBuildFile; fileRef = E5DF642018EB64BD00D53164 /* CollectionCell.xib */; };
		E5DF642318EB658300D53164 /* CampusRidesViewController.xib in Resources */ = {isa = PBXBuildFile; fileRef = E5DF642218EB658300D53164 /* CampusRidesViewController.xib */; };
		E5DF642818EBD8AB00D53164 /* BalancedColumnLayout.m in Sources */ = {isa = PBXBuildFile; fileRef = E5DF642718EBD8AB00D53164 /* BalancedColumnLayout.m */; };
		E5DF642A18EBDD2A00D53164 /* BalancedColumnCell.xib in Resources */ = {isa = PBXBuildFile; fileRef = E5DF642918EBDD2A00D53164 /* BalancedColumnCell.xib */; };
		E5FDDBC618EDE9B100CE7B01 /* MapKit.framework in Frameworks */ = {isa = PBXBuildFile; fileRef = E5FDDBC518EDE9B100CE7B01 /* MapKit.framework */; };
		E5FDDBCB18EE79F900CE7B01 /* AnotherActivitiesViewController.m in Sources */ = {isa = PBXBuildFile; fileRef = E5FDDBC918EE79F900CE7B01 /* AnotherActivitiesViewController.m */; };
		E5FDDBCC18EE79F900CE7B01 /* AnotherActivitiesViewController.xib in Resources */ = {isa = PBXBuildFile; fileRef = E5FDDBCA18EE79F900CE7B01 /* AnotherActivitiesViewController.xib */; };
		E5FDDBD618EFDD0100CE7B01 /* UbertestersSDK.framework in Frameworks */ = {isa = PBXBuildFile; fileRef = E5FDDBD418EFDD0100CE7B01 /* UbertestersSDK.framework */; };
		E5FDDBD718EFDD0100CE7B01 /* UbertestersSDKResources.bundle in Resources */ = {isa = PBXBuildFile; fileRef = E5FDDBD518EFDD0100CE7B01 /* UbertestersSDKResources.bundle */; };
		E5FDDBD918EFDD1E00CE7B01 /* AdSupport.framework in Frameworks */ = {isa = PBXBuildFile; fileRef = E5FDDBD818EFDD1E00CE7B01 /* AdSupport.framework */; };
		E5FDDBDB18EFDD2700CE7B01 /* CoreImage.framework in Frameworks */ = {isa = PBXBuildFile; fileRef = E5FDDBDA18EFDD2700CE7B01 /* CoreImage.framework */; };
		E5FDDBDD18EFDD2E00CE7B01 /* SystemConfiguration.framework in Frameworks */ = {isa = PBXBuildFile; fileRef = E5FDDBDC18EFDD2E00CE7B01 /* SystemConfiguration.framework */; };
		E5FDDBDF18EFDD3500CE7B01 /* CoreTelephony.framework in Frameworks */ = {isa = PBXBuildFile; fileRef = E5FDDBDE18EFDD3500CE7B01 /* CoreTelephony.framework */; };
		E5FDDBE118EFDD3B00CE7B01 /* CoreLocation.framework in Frameworks */ = {isa = PBXBuildFile; fileRef = E5FDDBE018EFDD3B00CE7B01 /* CoreLocation.framework */; };
		E5FDDBE318EFDD4000CE7B01 /* AudioToolbox.framework in Frameworks */ = {isa = PBXBuildFile; fileRef = E5FDDBE218EFDD4000CE7B01 /* AudioToolbox.framework */; };
		E5FDDBE518EFDD4800CE7B01 /* OpenGLES.framework in Frameworks */ = {isa = PBXBuildFile; fileRef = E5FDDBE418EFDD4800CE7B01 /* OpenGLES.framework */; };
		E5FDDBE718EFDD4F00CE7B01 /* CoreMotion.framework in Frameworks */ = {isa = PBXBuildFile; fileRef = E5FDDBE618EFDD4F00CE7B01 /* CoreMotion.framework */; };
		E5FDDBEE18EFFF6D00CE7B01 /* BuildingsManager.m in Sources */ = {isa = PBXBuildFile; fileRef = E5FDDBED18EFFF6D00CE7B01 /* BuildingsManager.m */; };
		E5FDDBF118F0059D00CE7B01 /* ActionManager.m in Sources */ = {isa = PBXBuildFile; fileRef = E5FDDBF018F0059D00CE7B01 /* ActionManager.m */; };
/* End PBXBuildFile section */

/* Begin PBXContainerItemProxy section */
		E522BADC18AE13F600ECD375 /* PBXContainerItemProxy */ = {
			isa = PBXContainerItemProxy;
			containerPortal = E522BAAE18AE13F600ECD375 /* Project object */;
			proxyType = 1;
			remoteGlobalIDString = E522BAB518AE13F600ECD375;
			remoteInfo = tumitfahrer;
		};
/* End PBXContainerItemProxy section */

/* Begin PBXFileReference section */
		BAEC5882914944C4B8E2DE24 /* libPods.a */ = {isa = PBXFileReference; explicitFileType = archive.ar; includeInIndex = 0; path = libPods.a; sourceTree = BUILT_PRODUCTS_DIR; };
		C71CE6059C014DFABC5B4F22 /* Pods.xcconfig */ = {isa = PBXFileReference; includeInIndex = 1; lastKnownFileType = text.xcconfig; name = Pods.xcconfig; path = Pods/Pods.xcconfig; sourceTree = "<group>"; };
		E51FD4FF18F0864C0098AD11 /* ProfileViewController.h */ = {isa = PBXFileReference; fileEncoding = 4; lastKnownFileType = sourcecode.c.h; path = ProfileViewController.h; sourceTree = "<group>"; };
		E51FD50018F0864C0098AD11 /* ProfileViewController.m */ = {isa = PBXFileReference; fileEncoding = 4; lastKnownFileType = sourcecode.c.objc; path = ProfileViewController.m; sourceTree = "<group>"; };
		E51FD50118F0864C0098AD11 /* ProfileViewController.xib */ = {isa = PBXFileReference; fileEncoding = 4; lastKnownFileType = file.xib; path = ProfileViewController.xib; sourceTree = "<group>"; };
		E51FD50418F1615B0098AD11 /* AnotherCollectionCell.xib */ = {isa = PBXFileReference; fileEncoding = 4; lastKnownFileType = file.xib; path = AnotherCollectionCell.xib; sourceTree = "<group>"; };
		E522BAB618AE13F600ECD375 /* tumitfahrer.app */ = {isa = PBXFileReference; explicitFileType = wrapper.application; includeInIndex = 0; path = tumitfahrer.app; sourceTree = BUILT_PRODUCTS_DIR; };
		E522BAB918AE13F600ECD375 /* Foundation.framework */ = {isa = PBXFileReference; lastKnownFileType = wrapper.framework; name = Foundation.framework; path = System/Library/Frameworks/Foundation.framework; sourceTree = SDKROOT; };
		E522BABB18AE13F600ECD375 /* CoreGraphics.framework */ = {isa = PBXFileReference; lastKnownFileType = wrapper.framework; name = CoreGraphics.framework; path = System/Library/Frameworks/CoreGraphics.framework; sourceTree = SDKROOT; };
		E522BABD18AE13F600ECD375 /* UIKit.framework */ = {isa = PBXFileReference; lastKnownFileType = wrapper.framework; name = UIKit.framework; path = System/Library/Frameworks/UIKit.framework; sourceTree = SDKROOT; };
		E522BAC118AE13F600ECD375 /* tumitfahrer-Info.plist */ = {isa = PBXFileReference; lastKnownFileType = text.plist.xml; path = "tumitfahrer-Info.plist"; sourceTree = "<group>"; };
		E522BAC318AE13F600ECD375 /* en */ = {isa = PBXFileReference; lastKnownFileType = text.plist.strings; name = en; path = en.lproj/InfoPlist.strings; sourceTree = "<group>"; };
		E522BAC518AE13F600ECD375 /* main.m */ = {isa = PBXFileReference; lastKnownFileType = sourcecode.c.objc; path = main.m; sourceTree = "<group>"; };
		E522BAC718AE13F600ECD375 /* tumitfahrer-Prefix.pch */ = {isa = PBXFileReference; lastKnownFileType = sourcecode.c.h; path = "tumitfahrer-Prefix.pch"; sourceTree = "<group>"; };
		E522BAC818AE13F600ECD375 /* AppDelegate.h */ = {isa = PBXFileReference; lastKnownFileType = sourcecode.c.h; path = AppDelegate.h; sourceTree = "<group>"; };
		E522BAC918AE13F600ECD375 /* AppDelegate.m */ = {isa = PBXFileReference; lastKnownFileType = sourcecode.c.objc; path = AppDelegate.m; sourceTree = "<group>"; };
		E522BAD118AE13F600ECD375 /* Images.xcassets */ = {isa = PBXFileReference; lastKnownFileType = folder.assetcatalog; path = Images.xcassets; sourceTree = "<group>"; };
		E522BAD718AE13F600ECD375 /* tumitfahrerTests.xctest */ = {isa = PBXFileReference; explicitFileType = wrapper.cfbundle; includeInIndex = 0; path = tumitfahrerTests.xctest; sourceTree = BUILT_PRODUCTS_DIR; };
		E522BAD818AE13F600ECD375 /* XCTest.framework */ = {isa = PBXFileReference; lastKnownFileType = wrapper.framework; name = XCTest.framework; path = Library/Frameworks/XCTest.framework; sourceTree = DEVELOPER_DIR; };
		E522BAE018AE13F600ECD375 /* tumitfahrerTests-Info.plist */ = {isa = PBXFileReference; lastKnownFileType = text.plist.xml; path = "tumitfahrerTests-Info.plist"; sourceTree = "<group>"; };
		E522BAE218AE13F600ECD375 /* en */ = {isa = PBXFileReference; lastKnownFileType = text.plist.strings; name = en; path = en.lproj/InfoPlist.strings; sourceTree = "<group>"; };
		E522BAE418AE13F600ECD375 /* tumitfahrerTests.m */ = {isa = PBXFileReference; lastKnownFileType = sourcecode.c.objc; path = tumitfahrerTests.m; sourceTree = "<group>"; };
		E53D5CFF18B14C39004016F8 /* QuartzCore.framework */ = {isa = PBXFileReference; lastKnownFileType = wrapper.framework; name = QuartzCore.framework; path = System/Library/Frameworks/QuartzCore.framework; sourceTree = SDKROOT; };
		E59987C618E6DBEA00B01C62 /* RideRequestsViewController.h */ = {isa = PBXFileReference; fileEncoding = 4; lastKnownFileType = sourcecode.c.h; path = RideRequestsViewController.h; sourceTree = "<group>"; };
		E59987C718E6DBEA00B01C62 /* RideRequestsViewController.m */ = {isa = PBXFileReference; fileEncoding = 4; lastKnownFileType = sourcecode.c.objc; path = RideRequestsViewController.m; sourceTree = "<group>"; };
		E59987C818E6DBEA00B01C62 /* RideRequestsViewController.xib */ = {isa = PBXFileReference; fileEncoding = 4; lastKnownFileType = file.xib; path = RideRequestsViewController.xib; sourceTree = "<group>"; };
		E59987CD18E6E47F00B01C62 /* LoginViewController.h */ = {isa = PBXFileReference; fileEncoding = 4; lastKnownFileType = sourcecode.c.h; path = LoginViewController.h; sourceTree = "<group>"; };
		E59987CE18E6E47F00B01C62 /* LoginViewController.m */ = {isa = PBXFileReference; fileEncoding = 4; lastKnownFileType = sourcecode.c.objc; path = LoginViewController.m; sourceTree = "<group>"; };
		E59987CF18E6E47F00B01C62 /* LoginViewController.xib */ = {isa = PBXFileReference; fileEncoding = 4; lastKnownFileType = file.xib; path = LoginViewController.xib; sourceTree = "<group>"; };
		E59987D518E6ECF100B01C62 /* CustomTextField.h */ = {isa = PBXFileReference; fileEncoding = 4; lastKnownFileType = sourcecode.c.h; path = CustomTextField.h; sourceTree = "<group>"; };
		E59987D618E6ECF200B01C62 /* CustomTextField.m */ = {isa = PBXFileReference; fileEncoding = 4; lastKnownFileType = sourcecode.c.objc; path = CustomTextField.m; sourceTree = "<group>"; };
		E59987D818E6F66E00B01C62 /* customIcon.png */ = {isa = PBXFileReference; lastKnownFileType = image.png; path = customIcon.png; sourceTree = "<group>"; };
		E59987DA18E701AF00B01C62 /* CustomButton.h */ = {isa = PBXFileReference; fileEncoding = 4; lastKnownFileType = sourcecode.c.h; path = CustomButton.h; sourceTree = "<group>"; };
		E59987DB18E701AF00B01C62 /* CustomButton.m */ = {isa = PBXFileReference; fileEncoding = 4; lastKnownFileType = sourcecode.c.objc; path = CustomButton.m; sourceTree = "<group>"; };
		E59987ED18E70A4B00B01C62 /* background.png */ = {isa = PBXFileReference; lastKnownFileType = image.png; path = background.png; sourceTree = "<group>"; };
		E59987EE18E70A4B00B01C62 /* background@2x.png */ = {isa = PBXFileReference; lastKnownFileType = image.png; path = "background@2x.png"; sourceTree = "<group>"; };
		E59987F118E70B8800B01C62 /* inputTextBox.png */ = {isa = PBXFileReference; lastKnownFileType = image.png; path = inputTextBox.png; sourceTree = "<group>"; };
		E59987F318E70DD100B01C62 /* blueButton.png */ = {isa = PBXFileReference; lastKnownFileType = image.png; path = blueButton.png; sourceTree = "<group>"; };
		E59987F418E70DD100B01C62 /* blueButton@2x.png */ = {isa = PBXFileReference; lastKnownFileType = image.png; path = "blueButton@2x.png"; sourceTree = "<group>"; };
		E59987F818E7251000B01C62 /* RegisterViewController.h */ = {isa = PBXFileReference; fileEncoding = 4; lastKnownFileType = sourcecode.c.h; path = RegisterViewController.h; sourceTree = "<group>"; };
		E59987F918E7251000B01C62 /* RegisterViewController.m */ = {isa = PBXFileReference; fileEncoding = 4; lastKnownFileType = sourcecode.c.objc; path = RegisterViewController.m; sourceTree = "<group>"; };
		E59987FA18E7251000B01C62 /* RegisterViewController.xib */ = {isa = PBXFileReference; fileEncoding = 4; lastKnownFileType = file.xib; path = RegisterViewController.xib; sourceTree = "<group>"; };
		E59987FE18E72BF500B01C62 /* ForgotPasswordViewController.h */ = {isa = PBXFileReference; fileEncoding = 4; lastKnownFileType = sourcecode.c.h; path = ForgotPasswordViewController.h; sourceTree = "<group>"; };
		E59987FF18E72BF500B01C62 /* ForgotPasswordViewController.m */ = {isa = PBXFileReference; fileEncoding = 4; lastKnownFileType = sourcecode.c.objc; path = ForgotPasswordViewController.m; sourceTree = "<group>"; };
		E599880018E72BF600B01C62 /* ForgotPasswordViewController.xib */ = {isa = PBXFileReference; fileEncoding = 4; lastKnownFileType = file.xib; path = ForgotPasswordViewController.xib; sourceTree = "<group>"; };
		E599880818E7836D00B01C62 /* MenuViewController.h */ = {isa = PBXFileReference; fileEncoding = 4; lastKnownFileType = sourcecode.c.h; path = MenuViewController.h; sourceTree = "<group>"; };
		E599880918E7836D00B01C62 /* MenuViewController.m */ = {isa = PBXFileReference; fileEncoding = 4; lastKnownFileType = sourcecode.c.objc; path = MenuViewController.m; sourceTree = "<group>"; };
		E599880A18E7836D00B01C62 /* MenuViewController.xib */ = {isa = PBXFileReference; fileEncoding = 4; lastKnownFileType = file.xib; path = MenuViewController.xib; sourceTree = "<group>"; };
		E599880D18E7FB1600B01C62 /* AVFoundation.framework */ = {isa = PBXFileReference; lastKnownFileType = wrapper.framework; name = AVFoundation.framework; path = System/Library/Frameworks/AVFoundation.framework; sourceTree = SDKROOT; };
		E599881018E7FC5900B01C62 /* MediaPlayer.framework */ = {isa = PBXFileReference; lastKnownFileType = wrapper.framework; name = MediaPlayer.framework; path = System/Library/Frameworks/MediaPlayer.framework; sourceTree = SDKROOT; };
		E599881818E804E500B01C62 /* highway-nosound@2x.mp4 */ = {isa = PBXFileReference; lastKnownFileType = file; path = "highway-nosound@2x.mp4"; sourceTree = "<group>"; };
		E599881E18E8145500B01C62 /* road.png */ = {isa = PBXFileReference; lastKnownFileType = image.png; path = road.png; sourceTree = "<group>"; };
		E599881F18E8145500B01C62 /* road@2x.png */ = {isa = PBXFileReference; lastKnownFileType = image.png; path = "road@2x.png"; sourceTree = "<group>"; };
		E599882318E8157300B01C62 /* Constants.h */ = {isa = PBXFileReference; fileEncoding = 4; lastKnownFileType = sourcecode.c.h; path = Constants.h; sourceTree = "<group>"; };
		E599882418E821D700B01C62 /* circle.png */ = {isa = PBXFileReference; lastKnownFileType = image.png; path = circle.png; sourceTree = "<group>"; };
		E599882518E821D700B01C62 /* circle@2x.png */ = {isa = PBXFileReference; lastKnownFileType = image.png; path = "circle@2x.png"; sourceTree = "<group>"; };
		E599885A18E84CE600B01C62 /* gradientBackground.png */ = {isa = PBXFileReference; lastKnownFileType = image.png; path = gradientBackground.png; sourceTree = "<group>"; };
		E599885B18E84CE600B01C62 /* gradientBackground@2x.png */ = {isa = PBXFileReference; lastKnownFileType = image.png; path = "gradientBackground@2x.png"; sourceTree = "<group>"; };
		E599885F18E84D9D00B01C62 /* MenuTableViewCell.h */ = {isa = PBXFileReference; fileEncoding = 4; lastKnownFileType = sourcecode.c.h; path = MenuTableViewCell.h; sourceTree = "<group>"; };
		E599886018E84D9D00B01C62 /* MenuTableViewCell.m */ = {isa = PBXFileReference; fileEncoding = 4; lastKnownFileType = sourcecode.c.objc; path = MenuTableViewCell.m; sourceTree = "<group>"; };
		E599886118E84D9D00B01C62 /* MenuTableViewCell.xib */ = {isa = PBXFileReference; fileEncoding = 4; lastKnownFileType = file.xib; path = MenuTableViewCell.xib; sourceTree = "<group>"; };
		E599886418E8559500B01C62 /* garching.png */ = {isa = PBXFileReference; lastKnownFileType = image.png; path = garching.png; sourceTree = "<group>"; };
		E599886E18E8616200B01C62 /* HATransitionController.h */ = {isa = PBXFileReference; fileEncoding = 4; lastKnownFileType = sourcecode.c.h; path = HATransitionController.h; sourceTree = "<group>"; };
		E599886F18E8616200B01C62 /* HATransitionController.m */ = {isa = PBXFileReference; fileEncoding = 4; lastKnownFileType = sourcecode.c.objc; path = HATransitionController.m; sourceTree = "<group>"; };
		E599887018E8616200B01C62 /* HATransitionLayout.h */ = {isa = PBXFileReference; fileEncoding = 4; lastKnownFileType = sourcecode.c.h; path = HATransitionLayout.h; sourceTree = "<group>"; };
		E599887118E8616200B01C62 /* HATransitionLayout.m */ = {isa = PBXFileReference; fileEncoding = 4; lastKnownFileType = sourcecode.c.objc; path = HATransitionLayout.m; sourceTree = "<group>"; };
		E599887418E8617100B01C62 /* HACollectionViewLargeLayout.h */ = {isa = PBXFileReference; fileEncoding = 4; lastKnownFileType = sourcecode.c.h; path = HACollectionViewLargeLayout.h; sourceTree = "<group>"; };
		E599887518E8617100B01C62 /* HACollectionViewLargeLayout.m */ = {isa = PBXFileReference; fileEncoding = 4; lastKnownFileType = sourcecode.c.objc; path = HACollectionViewLargeLayout.m; sourceTree = "<group>"; };
		E599887618E8617100B01C62 /* HACollectionViewSmallLayout.h */ = {isa = PBXFileReference; fileEncoding = 4; lastKnownFileType = sourcecode.c.h; path = HACollectionViewSmallLayout.h; sourceTree = "<group>"; };
		E599887718E8617100B01C62 /* HACollectionViewSmallLayout.m */ = {isa = PBXFileReference; fileEncoding = 4; lastKnownFileType = sourcecode.c.objc; path = HACollectionViewSmallLayout.m; sourceTree = "<group>"; };
		E599888018E88A0000B01C62 /* NibCell.xib */ = {isa = PBXFileReference; fileEncoding = 4; lastKnownFileType = file.xib; path = NibCell.xib; sourceTree = "<group>"; };
		E599888218E88C5100B01C62 /* HAPaperCollectionViewController.h */ = {isa = PBXFileReference; fileEncoding = 4; lastKnownFileType = sourcecode.c.h; path = HAPaperCollectionViewController.h; sourceTree = "<group>"; };
		E599888318E88C5100B01C62 /* HAPaperCollectionViewController.m */ = {isa = PBXFileReference; fileEncoding = 4; lastKnownFileType = sourcecode.c.objc; path = HAPaperCollectionViewController.m; sourceTree = "<group>"; };
		E5DF640D18EB46F900D53164 /* RideDetailsViewController.h */ = {isa = PBXFileReference; fileEncoding = 4; lastKnownFileType = sourcecode.c.h; path = RideDetailsViewController.h; sourceTree = "<group>"; };
		E5DF640E18EB46F900D53164 /* RideDetailsViewController.m */ = {isa = PBXFileReference; fileEncoding = 4; lastKnownFileType = sourcecode.c.objc; path = RideDetailsViewController.m; sourceTree = "<group>"; };
		E5DF640F18EB46F900D53164 /* RideDetailsViewController.xib */ = {isa = PBXFileReference; fileEncoding = 4; lastKnownFileType = file.xib; path = RideDetailsViewController.xib; sourceTree = "<group>"; };
		E5DF641218EB548E00D53164 /* SettingsViewController.h */ = {isa = PBXFileReference; fileEncoding = 4; lastKnownFileType = sourcecode.c.h; path = SettingsViewController.h; sourceTree = "<group>"; };
		E5DF641318EB548E00D53164 /* SettingsViewController.m */ = {isa = PBXFileReference; fileEncoding = 4; lastKnownFileType = sourcecode.c.objc; path = SettingsViewController.m; sourceTree = "<group>"; };
		E5DF641418EB548E00D53164 /* SettingsViewController.xib */ = {isa = PBXFileReference; fileEncoding = 4; lastKnownFileType = file.xib; path = SettingsViewController.xib; sourceTree = "<group>"; };
		E5DF641818EB56A600D53164 /* ActivityRidesViewController.h */ = {isa = PBXFileReference; fileEncoding = 4; lastKnownFileType = sourcecode.c.h; path = ActivityRidesViewController.h; sourceTree = "<group>"; };
		E5DF641918EB56A600D53164 /* ActivityRidesViewController.m */ = {isa = PBXFileReference; fileEncoding = 4; lastKnownFileType = sourcecode.c.objc; path = ActivityRidesViewController.m; sourceTree = "<group>"; };
		E5DF641A18EB56A600D53164 /* ActivityRidesViewController.xib */ = {isa = PBXFileReference; fileEncoding = 4; lastKnownFileType = file.xib; path = ActivityRidesViewController.xib; sourceTree = "<group>"; };
		E5DF641D18EB639600D53164 /* CampusRidesViewController.h */ = {isa = PBXFileReference; fileEncoding = 4; lastKnownFileType = sourcecode.c.h; path = CampusRidesViewController.h; sourceTree = "<group>"; };
		E5DF641E18EB639600D53164 /* CampusRidesViewController.m */ = {isa = PBXFileReference; fileEncoding = 4; lastKnownFileType = sourcecode.c.objc; path = CampusRidesViewController.m; sourceTree = "<group>"; };
		E5DF642018EB64BD00D53164 /* CollectionCell.xib */ = {isa = PBXFileReference; fileEncoding = 4; lastKnownFileType = file.xib; path = CollectionCell.xib; sourceTree = "<group>"; };
		E5DF642218EB658300D53164 /* CampusRidesViewController.xib */ = {isa = PBXFileReference; fileEncoding = 4; lastKnownFileType = file.xib; path = CampusRidesViewController.xib; sourceTree = "<group>"; };
		E5DF642618EBD8AB00D53164 /* BalancedColumnLayout.h */ = {isa = PBXFileReference; fileEncoding = 4; lastKnownFileType = sourcecode.c.h; path = BalancedColumnLayout.h; sourceTree = "<group>"; };
		E5DF642718EBD8AB00D53164 /* BalancedColumnLayout.m */ = {isa = PBXFileReference; fileEncoding = 4; lastKnownFileType = sourcecode.c.objc; path = BalancedColumnLayout.m; sourceTree = "<group>"; };
		E5DF642918EBDD2A00D53164 /* BalancedColumnCell.xib */ = {isa = PBXFileReference; fileEncoding = 4; lastKnownFileType = file.xib; path = BalancedColumnCell.xib; sourceTree = "<group>"; };
		E5FDDBC518EDE9B100CE7B01 /* MapKit.framework */ = {isa = PBXFileReference; lastKnownFileType = wrapper.framework; name = MapKit.framework; path = System/Library/Frameworks/MapKit.framework; sourceTree = SDKROOT; };
		E5FDDBC818EE79F900CE7B01 /* AnotherActivitiesViewController.h */ = {isa = PBXFileReference; fileEncoding = 4; lastKnownFileType = sourcecode.c.h; path = AnotherActivitiesViewController.h; sourceTree = "<group>"; };
		E5FDDBC918EE79F900CE7B01 /* AnotherActivitiesViewController.m */ = {isa = PBXFileReference; fileEncoding = 4; lastKnownFileType = sourcecode.c.objc; path = AnotherActivitiesViewController.m; sourceTree = "<group>"; };
		E5FDDBCA18EE79F900CE7B01 /* AnotherActivitiesViewController.xib */ = {isa = PBXFileReference; fileEncoding = 4; lastKnownFileType = file.xib; path = AnotherActivitiesViewController.xib; sourceTree = "<group>"; };
		E5FDDBD418EFDD0100CE7B01 /* UbertestersSDK.framework */ = {isa = PBXFileReference; lastKnownFileType = wrapper.framework; path = UbertestersSDK.framework; sourceTree = "<group>"; };
		E5FDDBD518EFDD0100CE7B01 /* UbertestersSDKResources.bundle */ = {isa = PBXFileReference; lastKnownFileType = "wrapper.plug-in"; path = UbertestersSDKResources.bundle; sourceTree = "<group>"; };
		E5FDDBD818EFDD1E00CE7B01 /* AdSupport.framework */ = {isa = PBXFileReference; lastKnownFileType = wrapper.framework; name = AdSupport.framework; path = System/Library/Frameworks/AdSupport.framework; sourceTree = SDKROOT; };
		E5FDDBDA18EFDD2700CE7B01 /* CoreImage.framework */ = {isa = PBXFileReference; lastKnownFileType = wrapper.framework; name = CoreImage.framework; path = System/Library/Frameworks/CoreImage.framework; sourceTree = SDKROOT; };
		E5FDDBDC18EFDD2E00CE7B01 /* SystemConfiguration.framework */ = {isa = PBXFileReference; lastKnownFileType = wrapper.framework; name = SystemConfiguration.framework; path = System/Library/Frameworks/SystemConfiguration.framework; sourceTree = SDKROOT; };
		E5FDDBDE18EFDD3500CE7B01 /* CoreTelephony.framework */ = {isa = PBXFileReference; lastKnownFileType = wrapper.framework; name = CoreTelephony.framework; path = System/Library/Frameworks/CoreTelephony.framework; sourceTree = SDKROOT; };
		E5FDDBE018EFDD3B00CE7B01 /* CoreLocation.framework */ = {isa = PBXFileReference; lastKnownFileType = wrapper.framework; name = CoreLocation.framework; path = System/Library/Frameworks/CoreLocation.framework; sourceTree = SDKROOT; };
		E5FDDBE218EFDD4000CE7B01 /* AudioToolbox.framework */ = {isa = PBXFileReference; lastKnownFileType = wrapper.framework; name = AudioToolbox.framework; path = System/Library/Frameworks/AudioToolbox.framework; sourceTree = SDKROOT; };
		E5FDDBE418EFDD4800CE7B01 /* OpenGLES.framework */ = {isa = PBXFileReference; lastKnownFileType = wrapper.framework; name = OpenGLES.framework; path = System/Library/Frameworks/OpenGLES.framework; sourceTree = SDKROOT; };
		E5FDDBE618EFDD4F00CE7B01 /* CoreMotion.framework */ = {isa = PBXFileReference; lastKnownFileType = wrapper.framework; name = CoreMotion.framework; path = System/Library/Frameworks/CoreMotion.framework; sourceTree = SDKROOT; };
		E5FDDBEC18EFFF6D00CE7B01 /* BuildingsManager.h */ = {isa = PBXFileReference; fileEncoding = 4; lastKnownFileType = sourcecode.c.h; path = BuildingsManager.h; sourceTree = "<group>"; };
		E5FDDBED18EFFF6D00CE7B01 /* BuildingsManager.m */ = {isa = PBXFileReference; fileEncoding = 4; lastKnownFileType = sourcecode.c.objc; path = BuildingsManager.m; sourceTree = "<group>"; };
		E5FDDBEF18F0059D00CE7B01 /* ActionManager.h */ = {isa = PBXFileReference; fileEncoding = 4; lastKnownFileType = sourcecode.c.h; path = ActionManager.h; sourceTree = "<group>"; };
		E5FDDBF018F0059D00CE7B01 /* ActionManager.m */ = {isa = PBXFileReference; fileEncoding = 4; lastKnownFileType = sourcecode.c.objc; path = ActionManager.m; sourceTree = "<group>"; };
/* End PBXFileReference section */

/* Begin PBXFrameworksBuildPhase section */
		E522BAB318AE13F600ECD375 /* Frameworks */ = {
			isa = PBXFrameworksBuildPhase;
			buildActionMask = 2147483647;
			files = (
				E5FDDBE718EFDD4F00CE7B01 /* CoreMotion.framework in Frameworks */,
				E5FDDBE518EFDD4800CE7B01 /* OpenGLES.framework in Frameworks */,
				E5FDDBE318EFDD4000CE7B01 /* AudioToolbox.framework in Frameworks */,
				E5FDDBE118EFDD3B00CE7B01 /* CoreLocation.framework in Frameworks */,
				E5FDDBDF18EFDD3500CE7B01 /* CoreTelephony.framework in Frameworks */,
				E5FDDBDD18EFDD2E00CE7B01 /* SystemConfiguration.framework in Frameworks */,
				E5FDDBDB18EFDD2700CE7B01 /* CoreImage.framework in Frameworks */,
				E5FDDBD918EFDD1E00CE7B01 /* AdSupport.framework in Frameworks */,
				E5FDDBC618EDE9B100CE7B01 /* MapKit.framework in Frameworks */,
				E599881118E7FC5900B01C62 /* MediaPlayer.framework in Frameworks */,
				E5FDDBD618EFDD0100CE7B01 /* UbertestersSDK.framework in Frameworks */,
				E599880E18E7FB1600B01C62 /* AVFoundation.framework in Frameworks */,
				E53D5D0018B14C39004016F8 /* QuartzCore.framework in Frameworks */,
				E522BABC18AE13F600ECD375 /* CoreGraphics.framework in Frameworks */,
				E522BABE18AE13F600ECD375 /* UIKit.framework in Frameworks */,
				E522BABA18AE13F600ECD375 /* Foundation.framework in Frameworks */,
				068F5848AB864309B2DEC0B8 /* libPods.a in Frameworks */,
			);
			runOnlyForDeploymentPostprocessing = 0;
		};
		E522BAD418AE13F600ECD375 /* Frameworks */ = {
			isa = PBXFrameworksBuildPhase;
			buildActionMask = 2147483647;
			files = (
				E522BAD918AE13F600ECD375 /* XCTest.framework in Frameworks */,
				E522BADB18AE13F600ECD375 /* UIKit.framework in Frameworks */,
				E522BADA18AE13F600ECD375 /* Foundation.framework in Frameworks */,
			);
			runOnlyForDeploymentPostprocessing = 0;
		};
/* End PBXFrameworksBuildPhase section */

/* Begin PBXGroup section */
		E51FD4FE18F086300098AD11 /* Profile */ = {
			isa = PBXGroup;
			children = (
				E51FD4FF18F0864C0098AD11 /* ProfileViewController.h */,
				E51FD50018F0864C0098AD11 /* ProfileViewController.m */,
				E51FD50118F0864C0098AD11 /* ProfileViewController.xib */,
			);
			name = Profile;
			sourceTree = "<group>";
		};
		E522BAAD18AE13F600ECD375 = {
			isa = PBXGroup;
			children = (
				E522BABF18AE13F600ECD375 /* tumitfahrer */,
				E522BADE18AE13F600ECD375 /* tumitfahrerTests */,
				E522BAB818AE13F600ECD375 /* Frameworks */,
				E522BAB718AE13F600ECD375 /* Products */,
				C71CE6059C014DFABC5B4F22 /* Pods.xcconfig */,
			);
			sourceTree = "<group>";
		};
		E522BAB718AE13F600ECD375 /* Products */ = {
			isa = PBXGroup;
			children = (
				E522BAB618AE13F600ECD375 /* tumitfahrer.app */,
				E522BAD718AE13F600ECD375 /* tumitfahrerTests.xctest */,
			);
			name = Products;
			sourceTree = "<group>";
		};
		E522BAB818AE13F600ECD375 /* Frameworks */ = {
			isa = PBXGroup;
			children = (
				E5FDDBE618EFDD4F00CE7B01 /* CoreMotion.framework */,
				E5FDDBE418EFDD4800CE7B01 /* OpenGLES.framework */,
				E5FDDBE218EFDD4000CE7B01 /* AudioToolbox.framework */,
				E5FDDBE018EFDD3B00CE7B01 /* CoreLocation.framework */,
				E5FDDBDE18EFDD3500CE7B01 /* CoreTelephony.framework */,
				E5FDDBDC18EFDD2E00CE7B01 /* SystemConfiguration.framework */,
				E5FDDBDA18EFDD2700CE7B01 /* CoreImage.framework */,
				E5FDDBD818EFDD1E00CE7B01 /* AdSupport.framework */,
				E5FDDBC518EDE9B100CE7B01 /* MapKit.framework */,
				E599881018E7FC5900B01C62 /* MediaPlayer.framework */,
				E599880D18E7FB1600B01C62 /* AVFoundation.framework */,
				E53D5CFF18B14C39004016F8 /* QuartzCore.framework */,
				E522BAB918AE13F600ECD375 /* Foundation.framework */,
				E522BABB18AE13F600ECD375 /* CoreGraphics.framework */,
				E522BABD18AE13F600ECD375 /* UIKit.framework */,
				E522BAD818AE13F600ECD375 /* XCTest.framework */,
				BAEC5882914944C4B8E2DE24 /* libPods.a */,
			);
			name = Frameworks;
			sourceTree = "<group>";
		};
		E522BABF18AE13F600ECD375 /* tumitfahrer */ = {
			isa = PBXGroup;
			children = (
				E522BAC818AE13F600ECD375 /* AppDelegate.h */,
				E522BAC918AE13F600ECD375 /* AppDelegate.m */,
				E522BAD118AE13F600ECD375 /* Images.xcassets */,
				E59987C518E6DBCE00B01C62 /* Model */,
				E522BAC018AE13F600ECD375 /* Supporting Files */,
				E5FDDBD318EFDD0100CE7B01 /* UbertestersSDK */,
				E59987D418E6ECD800B01C62 /* UI Elements */,
				E599882218E8155800B01C62 /* Utilities */,
				E59987C418E6DBC300B01C62 /* ViewControllers */,
				E599886618E860FA00B01C62 /* zLibraries */,
			);
			path = tumitfahrer;
			sourceTree = "<group>";
		};
		E522BAC018AE13F600ECD375 /* Supporting Files */ = {
			isa = PBXGroup;
			children = (
				E599885A18E84CE600B01C62 /* gradientBackground.png */,
				E599885B18E84CE600B01C62 /* gradientBackground@2x.png */,
				E599882418E821D700B01C62 /* circle.png */,
				E599882518E821D700B01C62 /* circle@2x.png */,
				E599881E18E8145500B01C62 /* road.png */,
				E599881F18E8145500B01C62 /* road@2x.png */,
				E599881818E804E500B01C62 /* highway-nosound@2x.mp4 */,
				E59987F318E70DD100B01C62 /* blueButton.png */,
				E599886418E8559500B01C62 /* garching.png */,
				E59987F418E70DD100B01C62 /* blueButton@2x.png */,
				E59987F118E70B8800B01C62 /* inputTextBox.png */,
				E59987ED18E70A4B00B01C62 /* background.png */,
				E59987EE18E70A4B00B01C62 /* background@2x.png */,
				E59987D818E6F66E00B01C62 /* customIcon.png */,
				E522BAC118AE13F600ECD375 /* tumitfahrer-Info.plist */,
				E522BAC218AE13F600ECD375 /* InfoPlist.strings */,
				E522BAC518AE13F600ECD375 /* main.m */,
				E522BAC718AE13F600ECD375 /* tumitfahrer-Prefix.pch */,
			);
			name = "Supporting Files";
			sourceTree = "<group>";
		};
		E522BADE18AE13F600ECD375 /* tumitfahrerTests */ = {
			isa = PBXGroup;
			children = (
				E522BAE418AE13F600ECD375 /* tumitfahrerTests.m */,
				E522BADF18AE13F600ECD375 /* Supporting Files */,
			);
			path = tumitfahrerTests;
			sourceTree = "<group>";
		};
		E522BADF18AE13F600ECD375 /* Supporting Files */ = {
			isa = PBXGroup;
			children = (
				E522BAE018AE13F600ECD375 /* tumitfahrerTests-Info.plist */,
				E522BAE118AE13F600ECD375 /* InfoPlist.strings */,
			);
			name = "Supporting Files";
			sourceTree = "<group>";
		};
		E59987C418E6DBC300B01C62 /* ViewControllers */ = {
			isa = PBXGroup;
			children = (
				E5DF641718EB569800D53164 /* Activity Rides */,
				E5FDDBC718EE79A100CE7B01 /* Another Acitvites */,
				E5DF642418EB68F500D53164 /* Campus Rides */,
				E59987FD18E72BD100B01C62 /* Forgot Password */,
				E599880718E7835F00B01C62 /* Left Menu */,
				E59987CC18E6E3A100B01C62 /* Login */,
				E51FD4FE18F086300098AD11 /* Profile */,
				E59987F718E724F900B01C62 /* Register */,
				E5DF640C18EB46E400D53164 /* Ride Details */,
				E59987CB18E6DC2700B01C62 /* Ride Requests */,
				E5DF640B18EB42D800D53164 /* Settings */,
			);
			name = ViewControllers;
			sourceTree = "<group>";
		};
		E59987C518E6DBCE00B01C62 /* Model */ = {
			isa = PBXGroup;
			children = (
			);
			name = Model;
			sourceTree = "<group>";
		};
		E59987CB18E6DC2700B01C62 /* Ride Requests */ = {
			isa = PBXGroup;
			children = (
				E5FDDBE818EFF8C800CE7B01 /* Nib Cell */,
				E59987C618E6DBEA00B01C62 /* RideRequestsViewController.h */,
				E59987C718E6DBEA00B01C62 /* RideRequestsViewController.m */,
				E59987C818E6DBEA00B01C62 /* RideRequestsViewController.xib */,
			);
			name = "Ride Requests";
			sourceTree = "<group>";
		};
		E59987CC18E6E3A100B01C62 /* Login */ = {
			isa = PBXGroup;
			children = (
				E59987CD18E6E47F00B01C62 /* LoginViewController.h */,
				E59987CE18E6E47F00B01C62 /* LoginViewController.m */,
				E59987CF18E6E47F00B01C62 /* LoginViewController.xib */,
			);
			name = Login;
			sourceTree = "<group>";
		};
		E59987D418E6ECD800B01C62 /* UI Elements */ = {
			isa = PBXGroup;
			children = (
				E59987D518E6ECF100B01C62 /* CustomTextField.h */,
				E59987D618E6ECF200B01C62 /* CustomTextField.m */,
				E59987DA18E701AF00B01C62 /* CustomButton.h */,
				E59987DB18E701AF00B01C62 /* CustomButton.m */,
			);
			name = "UI Elements";
			sourceTree = "<group>";
		};
		E59987F718E724F900B01C62 /* Register */ = {
			isa = PBXGroup;
			children = (
				E59987F818E7251000B01C62 /* RegisterViewController.h */,
				E59987F918E7251000B01C62 /* RegisterViewController.m */,
				E59987FA18E7251000B01C62 /* RegisterViewController.xib */,
			);
			name = Register;
			sourceTree = "<group>";
		};
		E59987FD18E72BD100B01C62 /* Forgot Password */ = {
			isa = PBXGroup;
			children = (
				E59987FE18E72BF500B01C62 /* ForgotPasswordViewController.h */,
				E59987FF18E72BF500B01C62 /* ForgotPasswordViewController.m */,
				E599880018E72BF600B01C62 /* ForgotPasswordViewController.xib */,
			);
			name = "Forgot Password";
			sourceTree = "<group>";
		};
		E599880718E7835F00B01C62 /* Left Menu */ = {
			isa = PBXGroup;
			children = (
				E599885E18E84D7F00B01C62 /* CustomCell */,
				E599880818E7836D00B01C62 /* MenuViewController.h */,
				E599880918E7836D00B01C62 /* MenuViewController.m */,
				E599880A18E7836D00B01C62 /* MenuViewController.xib */,
			);
			name = "Left Menu";
			sourceTree = "<group>";
		};
		E599882218E8155800B01C62 /* Utilities */ = {
			isa = PBXGroup;
			children = (
				E599882318E8157300B01C62 /* Constants.h */,
				E5FDDBEC18EFFF6D00CE7B01 /* BuildingsManager.h */,
				E5FDDBED18EFFF6D00CE7B01 /* BuildingsManager.m */,
				E5FDDBEF18F0059D00CE7B01 /* ActionManager.h */,
				E5FDDBF018F0059D00CE7B01 /* ActionManager.m */,
			);
			name = Utilities;
			sourceTree = "<group>";
		};
		E599885E18E84D7F00B01C62 /* CustomCell */ = {
			isa = PBXGroup;
			children = (
				E599885F18E84D9D00B01C62 /* MenuTableViewCell.h */,
				E599886018E84D9D00B01C62 /* MenuTableViewCell.m */,
				E599886118E84D9D00B01C62 /* MenuTableViewCell.xib */,
			);
			name = CustomCell;
			sourceTree = "<group>";
		};
		E599886618E860FA00B01C62 /* zLibraries */ = {
			isa = PBXGroup;
			children = (
				E599886718E8610800B01C62 /* Paper */,
			);
			name = zLibraries;
			sourceTree = "<group>";
		};
		E599886718E8610800B01C62 /* Paper */ = {
			isa = PBXGroup;
			children = (
				E599888218E88C5100B01C62 /* HAPaperCollectionViewController.h */,
				E599888318E88C5100B01C62 /* HAPaperCollectionViewController.m */,
				E599886D18E8615300B01C62 /* Custom Layout */,
				E599886C18E8613000B01C62 /* Transition */,
			);
			name = Paper;
			sourceTree = "<group>";
		};
		E599886C18E8613000B01C62 /* Transition */ = {
			isa = PBXGroup;
			children = (
				E599886E18E8616200B01C62 /* HATransitionController.h */,
				E599886F18E8616200B01C62 /* HATransitionController.m */,
				E599887018E8616200B01C62 /* HATransitionLayout.h */,
				E599887118E8616200B01C62 /* HATransitionLayout.m */,
			);
			name = Transition;
			sourceTree = "<group>";
		};
		E599886D18E8615300B01C62 /* Custom Layout */ = {
			isa = PBXGroup;
			children = (
				E599887418E8617100B01C62 /* HACollectionViewLargeLayout.h */,
				E599887518E8617100B01C62 /* HACollectionViewLargeLayout.m */,
				E599887618E8617100B01C62 /* HACollectionViewSmallLayout.h */,
				E599887718E8617100B01C62 /* HACollectionViewSmallLayout.m */,
			);
			name = "Custom Layout";
			sourceTree = "<group>";
		};
		E5DF640B18EB42D800D53164 /* Settings */ = {
			isa = PBXGroup;
			children = (
				E5DF641218EB548E00D53164 /* SettingsViewController.h */,
				E5DF641318EB548E00D53164 /* SettingsViewController.m */,
				E5DF641418EB548E00D53164 /* SettingsViewController.xib */,
			);
			name = Settings;
			sourceTree = "<group>";
		};
		E5DF640C18EB46E400D53164 /* Ride Details */ = {
			isa = PBXGroup;
			children = (
				E5DF640D18EB46F900D53164 /* RideDetailsViewController.h */,
				E5DF640E18EB46F900D53164 /* RideDetailsViewController.m */,
				E5DF640F18EB46F900D53164 /* RideDetailsViewController.xib */,
			);
			name = "Ride Details";
			sourceTree = "<group>";
		};
		E5DF641718EB569800D53164 /* Activity Rides */ = {
			isa = PBXGroup;
			children = (
				E5DF642518EBD87A00D53164 /* Activities Collection View */,
				E5DF641818EB56A600D53164 /* ActivityRidesViewController.h */,
				E5DF641918EB56A600D53164 /* ActivityRidesViewController.m */,
				E5DF641A18EB56A600D53164 /* ActivityRidesViewController.xib */,
			);
			name = "Activity Rides";
			sourceTree = "<group>";
		};
		E5DF642418EB68F500D53164 /* Campus Rides */ = {
			isa = PBXGroup;
			children = (
				E5DF642018EB64BD00D53164 /* CollectionCell.xib */,
				E5DF641D18EB639600D53164 /* CampusRidesViewController.h */,
				E5DF641E18EB639600D53164 /* CampusRidesViewController.m */,
				E5DF642218EB658300D53164 /* CampusRidesViewController.xib */,
			);
			name = "Campus Rides";
			sourceTree = "<group>";
		};
		E5DF642518EBD87A00D53164 /* Activities Collection View */ = {
			isa = PBXGroup;
			children = (
				E5DF642618EBD8AB00D53164 /* BalancedColumnLayout.h */,
				E5DF642718EBD8AB00D53164 /* BalancedColumnLayout.m */,
				E5DF642918EBDD2A00D53164 /* BalancedColumnCell.xib */,
			);
			name = "Activities Collection View";
			sourceTree = "<group>";
		};
		E5FDDBC718EE79A100CE7B01 /* Another Acitvites */ = {
			isa = PBXGroup;
			children = (
				E51FD50418F1615B0098AD11 /* AnotherCollectionCell.xib */,
				E5FDDBC818EE79F900CE7B01 /* AnotherActivitiesViewController.h */,
				E5FDDBC918EE79F900CE7B01 /* AnotherActivitiesViewController.m */,
				E5FDDBCA18EE79F900CE7B01 /* AnotherActivitiesViewController.xib */,
			);
			name = "Another Acitvites";
			sourceTree = "<group>";
		};
		E5FDDBD318EFDD0100CE7B01 /* UbertestersSDK */ = {
			isa = PBXGroup;
			children = (
				E5FDDBD418EFDD0100CE7B01 /* UbertestersSDK.framework */,
				E5FDDBD518EFDD0100CE7B01 /* UbertestersSDKResources.bundle */,
			);
			path = UbertestersSDK;
			sourceTree = "<group>";
		};
		E5FDDBE818EFF8C800CE7B01 /* Nib Cell */ = {
			isa = PBXGroup;
			children = (
				E599888018E88A0000B01C62 /* NibCell.xib */,
			);
			name = "Nib Cell";
			sourceTree = "<group>";
		};
/* End PBXGroup section */

/* Begin PBXNativeTarget section */
		E522BAB518AE13F600ECD375 /* tumitfahrer */ = {
			isa = PBXNativeTarget;
			buildConfigurationList = E522BAE818AE13F600ECD375 /* Build configuration list for PBXNativeTarget "tumitfahrer" */;
			buildPhases = (
				08AFFB74EA2F4AC190481684 /* Check Pods Manifest.lock */,
				E522BAB218AE13F600ECD375 /* Sources */,
				E522BAB318AE13F600ECD375 /* Frameworks */,
				E522BAB418AE13F600ECD375 /* Resources */,
				09658744052A4F09B4B452D8 /* Copy Pods Resources */,
			);
			buildRules = (
			);
			dependencies = (
			);
			name = tumitfahrer;
			productName = tumitfahrer;
			productReference = E522BAB618AE13F600ECD375 /* tumitfahrer.app */;
			productType = "com.apple.product-type.application";
		};
		E522BAD618AE13F600ECD375 /* tumitfahrerTests */ = {
			isa = PBXNativeTarget;
			buildConfigurationList = E522BAEB18AE13F600ECD375 /* Build configuration list for PBXNativeTarget "tumitfahrerTests" */;
			buildPhases = (
				E522BAD318AE13F600ECD375 /* Sources */,
				E522BAD418AE13F600ECD375 /* Frameworks */,
				E522BAD518AE13F600ECD375 /* Resources */,
			);
			buildRules = (
			);
			dependencies = (
				E522BADD18AE13F600ECD375 /* PBXTargetDependency */,
			);
			name = tumitfahrerTests;
			productName = tumitfahrerTests;
			productReference = E522BAD718AE13F600ECD375 /* tumitfahrerTests.xctest */;
			productType = "com.apple.product-type.bundle.unit-test";
		};
/* End PBXNativeTarget section */

/* Begin PBXProject section */
		E522BAAE18AE13F600ECD375 /* Project object */ = {
			isa = PBXProject;
			attributes = {
				LastUpgradeCheck = 0510;
				ORGANIZATIONNAME = "Pawel Kwiecien";
				TargetAttributes = {
					E522BAB518AE13F600ECD375 = {
						DevelopmentTeam = AUPD4RMDPC;
					};
					E522BAD618AE13F600ECD375 = {
						TestTargetID = E522BAB518AE13F600ECD375;
					};
				};
			};
			buildConfigurationList = E522BAB118AE13F600ECD375 /* Build configuration list for PBXProject "tumitfahrer" */;
			compatibilityVersion = "Xcode 3.2";
			developmentRegion = English;
			hasScannedForEncodings = 0;
			knownRegions = (
				en,
				Base,
			);
			mainGroup = E522BAAD18AE13F600ECD375;
			productRefGroup = E522BAB718AE13F600ECD375 /* Products */;
			projectDirPath = "";
			projectRoot = "";
			targets = (
				E522BAB518AE13F600ECD375 /* tumitfahrer */,
				E522BAD618AE13F600ECD375 /* tumitfahrerTests */,
			);
		};
/* End PBXProject section */

/* Begin PBXResourcesBuildPhase section */
		E522BAB418AE13F600ECD375 /* Resources */ = {
			isa = PBXResourcesBuildPhase;
			buildActionMask = 2147483647;
			files = (
				E599885D18E84CE600B01C62 /* gradientBackground@2x.png in Resources */,
				E599880218E72BF600B01C62 /* ForgotPasswordViewController.xib in Resources */,
				E5DF641118EB46F900D53164 /* RideDetailsViewController.xib in Resources */,
				E51FD50518F1615B0098AD11 /* AnotherCollectionCell.xib in Resources */,
				E5DF642118EB64BD00D53164 /* CollectionCell.xib in Resources */,
				E599885C18E84CE600B01C62 /* gradientBackground.png in Resources */,
				E59987FC18E7251000B01C62 /* RegisterViewController.xib in Resources */,
				E599880C18E7836D00B01C62 /* MenuViewController.xib in Resources */,
				E5DF642A18EBDD2A00D53164 /* BalancedColumnCell.xib in Resources */,
				E59987D118E6E47F00B01C62 /* LoginViewController.xib in Resources */,
				E599882718E821D700B01C62 /* circle@2x.png in Resources */,
				E5DF641618EB548E00D53164 /* SettingsViewController.xib in Resources */,
				E5DF641C18EB56A600D53164 /* ActivityRidesViewController.xib in Resources */,
				E59987F218E70B8800B01C62 /* inputTextBox.png in Resources */,
				E5FDDBCC18EE79F900CE7B01 /* AnotherActivitiesViewController.xib in Resources */,
				E522BAD218AE13F600ECD375 /* Images.xcassets in Resources */,
				E5FDDBD718EFDD0100CE7B01 /* UbertestersSDKResources.bundle in Resources */,
				E59987EF18E70A4B00B01C62 /* background.png in Resources */,
				E599881918E804E500B01C62 /* highway-nosound@2x.mp4 in Resources */,
				E59987CA18E6DBEA00B01C62 /* RideRequestsViewController.xib in Resources */,
				E599882618E821D700B01C62 /* circle.png in Resources */,
				E522BAC418AE13F600ECD375 /* InfoPlist.strings in Resources */,
				E599888118E88A0000B01C62 /* NibCell.xib in Resources */,
				E59987F618E70DD100B01C62 /* blueButton@2x.png in Resources */,
				E599886318E84D9D00B01C62 /* MenuTableViewCell.xib in Resources */,
				E599882018E8145500B01C62 /* road.png in Resources */,
				E59987F518E70DD100B01C62 /* blueButton.png in Resources */,
				E51FD50318F0864C0098AD11 /* ProfileViewController.xib in Resources */,
				E59987F018E70A4B00B01C62 /* background@2x.png in Resources */,
				E599882118E8145500B01C62 /* road@2x.png in Resources */,
				E5DF642318EB658300D53164 /* CampusRidesViewController.xib in Resources */,
				E599886518E8559500B01C62 /* garching.png in Resources */,
				E59987D918E6F66E00B01C62 /* customIcon.png in Resources */,
			);
			runOnlyForDeploymentPostprocessing = 0;
		};
		E522BAD518AE13F600ECD375 /* Resources */ = {
			isa = PBXResourcesBuildPhase;
			buildActionMask = 2147483647;
			files = (
				E522BAE318AE13F600ECD375 /* InfoPlist.strings in Resources */,
			);
			runOnlyForDeploymentPostprocessing = 0;
		};
/* End PBXResourcesBuildPhase section */

/* Begin PBXShellScriptBuildPhase section */
		08AFFB74EA2F4AC190481684 /* Check Pods Manifest.lock */ = {
			isa = PBXShellScriptBuildPhase;
			buildActionMask = 2147483647;
			files = (
			);
			inputPaths = (
			);
			name = "Check Pods Manifest.lock";
			outputPaths = (
			);
			runOnlyForDeploymentPostprocessing = 0;
			shellPath = /bin/sh;
			shellScript = "diff \"${PODS_ROOT}/../Podfile.lock\" \"${PODS_ROOT}/Manifest.lock\" > /dev/null\nif [[ $? != 0 ]] ; then\n    cat << EOM\nerror: The sandbox is not in sync with the Podfile.lock. Run 'pod install' or update your CocoaPods installation.\nEOM\n    exit 1\nfi\n";
			showEnvVarsInLog = 0;
		};
		09658744052A4F09B4B452D8 /* Copy Pods Resources */ = {
			isa = PBXShellScriptBuildPhase;
			buildActionMask = 2147483647;
			files = (
			);
			inputPaths = (
			);
			name = "Copy Pods Resources";
			outputPaths = (
			);
			runOnlyForDeploymentPostprocessing = 0;
			shellPath = /bin/sh;
			shellScript = "\"${SRCROOT}/Pods/Pods-resources.sh\"\n";
			showEnvVarsInLog = 0;
		};
/* End PBXShellScriptBuildPhase section */

/* Begin PBXSourcesBuildPhase section */
		E522BAB218AE13F600ECD375 /* Sources */ = {
			isa = PBXSourcesBuildPhase;
			buildActionMask = 2147483647;
			files = (
				E59987DC18E701AF00B01C62 /* CustomButton.m in Sources */,
				E5DF641B18EB56A600D53164 /* ActivityRidesViewController.m in Sources */,
				E599887318E8616200B01C62 /* HATransitionLayout.m in Sources */,
				E5FDDBCB18EE79F900CE7B01 /* AnotherActivitiesViewController.m in Sources */,
				E5DF641018EB46F900D53164 /* RideDetailsViewController.m in Sources */,
				E59987D018E6E47F00B01C62 /* LoginViewController.m in Sources */,
				E5DF641F18EB639600D53164 /* CampusRidesViewController.m in Sources */,
				E599886218E84D9D00B01C62 /* MenuTableViewCell.m in Sources */,
				E59987C918E6DBEA00B01C62 /* RideRequestsViewController.m in Sources */,
				E5FDDBEE18EFFF6D00CE7B01 /* BuildingsManager.m in Sources */,
				E51FD50218F0864C0098AD11 /* ProfileViewController.m in Sources */,
				E599888418E88C5100B01C62 /* HAPaperCollectionViewController.m in Sources */,
				E5DF641518EB548E00D53164 /* SettingsViewController.m in Sources */,
				E522BACA18AE13F600ECD375 /* AppDelegate.m in Sources */,
				E5DF642818EBD8AB00D53164 /* BalancedColumnLayout.m in Sources */,
				E599887918E8617100B01C62 /* HACollectionViewSmallLayout.m in Sources */,
				E599880118E72BF600B01C62 /* ForgotPasswordViewController.m in Sources */,
				E59987FB18E7251000B01C62 /* RegisterViewController.m in Sources */,
				E599887818E8617100B01C62 /* HACollectionViewLargeLayout.m in Sources */,
				E59987D718E6ECF200B01C62 /* CustomTextField.m in Sources */,
				E522BAC618AE13F600ECD375 /* main.m in Sources */,
				E599880B18E7836D00B01C62 /* MenuViewController.m in Sources */,
				E599887218E8616200B01C62 /* HATransitionController.m in Sources */,
				E5FDDBF118F0059D00CE7B01 /* ActionManager.m in Sources */,
			);
			runOnlyForDeploymentPostprocessing = 0;
		};
		E522BAD318AE13F600ECD375 /* Sources */ = {
			isa = PBXSourcesBuildPhase;
			buildActionMask = 2147483647;
			files = (
				E522BAE518AE13F600ECD375 /* tumitfahrerTests.m in Sources */,
			);
			runOnlyForDeploymentPostprocessing = 0;
		};
/* End PBXSourcesBuildPhase section */

/* Begin PBXTargetDependency section */
		E522BADD18AE13F600ECD375 /* PBXTargetDependency */ = {
			isa = PBXTargetDependency;
			target = E522BAB518AE13F600ECD375 /* tumitfahrer */;
			targetProxy = E522BADC18AE13F600ECD375 /* PBXContainerItemProxy */;
		};
/* End PBXTargetDependency section */

/* Begin PBXVariantGroup section */
		E522BAC218AE13F600ECD375 /* InfoPlist.strings */ = {
			isa = PBXVariantGroup;
			children = (
				E522BAC318AE13F600ECD375 /* en */,
			);
			name = InfoPlist.strings;
			sourceTree = "<group>";
		};
		E522BAE118AE13F600ECD375 /* InfoPlist.strings */ = {
			isa = PBXVariantGroup;
			children = (
				E522BAE218AE13F600ECD375 /* en */,
			);
			name = InfoPlist.strings;
			sourceTree = "<group>";
		};
/* End PBXVariantGroup section */

/* Begin XCBuildConfiguration section */
		E522BAE618AE13F600ECD375 /* Debug */ = {
			isa = XCBuildConfiguration;
			buildSettings = {
				ALWAYS_SEARCH_USER_PATHS = NO;
				CLANG_CXX_LANGUAGE_STANDARD = "gnu++0x";
				CLANG_CXX_LIBRARY = "libc++";
				CLANG_ENABLE_MODULES = YES;
				CLANG_ENABLE_OBJC_ARC = YES;
				CLANG_WARN_BOOL_CONVERSION = YES;
				CLANG_WARN_CONSTANT_CONVERSION = YES;
				CLANG_WARN_DIRECT_OBJC_ISA_USAGE = YES_ERROR;
				CLANG_WARN_EMPTY_BODY = YES;
				CLANG_WARN_ENUM_CONVERSION = YES;
				CLANG_WARN_INT_CONVERSION = YES;
				CLANG_WARN_OBJC_ROOT_CLASS = YES_ERROR;
				CLANG_WARN__DUPLICATE_METHOD_MATCH = YES;
				"CODE_SIGN_IDENTITY[sdk=iphoneos*]" = "iPhone Developer";
				COPY_PHASE_STRIP = NO;
				GCC_C_LANGUAGE_STANDARD = gnu99;
				GCC_DYNAMIC_NO_PIC = NO;
				GCC_OPTIMIZATION_LEVEL = 0;
				GCC_PREPROCESSOR_DEFINITIONS = (
					"DEBUG=1",
					"$(inherited)",
				);
				GCC_SYMBOLS_PRIVATE_EXTERN = NO;
				GCC_WARN_64_TO_32_BIT_CONVERSION = YES;
				GCC_WARN_ABOUT_RETURN_TYPE = YES_ERROR;
				GCC_WARN_UNDECLARED_SELECTOR = YES;
				GCC_WARN_UNINITIALIZED_AUTOS = YES;
				GCC_WARN_UNUSED_FUNCTION = YES;
				GCC_WARN_UNUSED_VARIABLE = YES;
				IPHONEOS_DEPLOYMENT_TARGET = 7.0;
				ONLY_ACTIVE_ARCH = YES;
				SDKROOT = iphoneos;
			};
			name = Debug;
		};
		E522BAE718AE13F600ECD375 /* Release */ = {
			isa = XCBuildConfiguration;
			buildSettings = {
				ALWAYS_SEARCH_USER_PATHS = NO;
				CLANG_CXX_LANGUAGE_STANDARD = "gnu++0x";
				CLANG_CXX_LIBRARY = "libc++";
				CLANG_ENABLE_MODULES = YES;
				CLANG_ENABLE_OBJC_ARC = YES;
				CLANG_WARN_BOOL_CONVERSION = YES;
				CLANG_WARN_CONSTANT_CONVERSION = YES;
				CLANG_WARN_DIRECT_OBJC_ISA_USAGE = YES_ERROR;
				CLANG_WARN_EMPTY_BODY = YES;
				CLANG_WARN_ENUM_CONVERSION = YES;
				CLANG_WARN_INT_CONVERSION = YES;
				CLANG_WARN_OBJC_ROOT_CLASS = YES_ERROR;
				CLANG_WARN__DUPLICATE_METHOD_MATCH = YES;
				"CODE_SIGN_IDENTITY[sdk=iphoneos*]" = "iPhone Developer";
				COPY_PHASE_STRIP = YES;
				ENABLE_NS_ASSERTIONS = NO;
				GCC_C_LANGUAGE_STANDARD = gnu99;
				GCC_WARN_64_TO_32_BIT_CONVERSION = YES;
				GCC_WARN_ABOUT_RETURN_TYPE = YES_ERROR;
				GCC_WARN_UNDECLARED_SELECTOR = YES;
				GCC_WARN_UNINITIALIZED_AUTOS = YES;
				GCC_WARN_UNUSED_FUNCTION = YES;
				GCC_WARN_UNUSED_VARIABLE = YES;
				IPHONEOS_DEPLOYMENT_TARGET = 7.0;
				SDKROOT = iphoneos;
				VALIDATE_PRODUCT = YES;
			};
			name = Release;
		};
		E522BAE918AE13F600ECD375 /* Debug */ = {
			isa = XCBuildConfiguration;
			baseConfigurationReference = C71CE6059C014DFABC5B4F22 /* Pods.xcconfig */;
			buildSettings = {
				ASSETCATALOG_COMPILER_APPICON_NAME = AppIcon;
				ASSETCATALOG_COMPILER_LAUNCHIMAGE_NAME = LaunchImage;
				CODE_SIGN_IDENTITY = "iPhone Developer";
				"CODE_SIGN_IDENTITY[sdk=iphoneos*]" = "iPhone Developer";
				FRAMEWORK_SEARCH_PATHS = (
					"$(inherited)",
					"$(PROJECT_DIR)/tumitfahrer/UbertestersSDK",
				);
				GCC_PRECOMPILE_PREFIX_HEADER = YES;
				GCC_PREFIX_HEADER = "tumitfahrer/tumitfahrer-Prefix.pch";
				INFOPLIST_FILE = "tumitfahrer/tumitfahrer-Info.plist";
				PRODUCT_NAME = "$(TARGET_NAME)";
				PROVISIONING_PROFILE = "";
				WRAPPER_EXTENSION = app;
			};
			name = Debug;
		};
		E522BAEA18AE13F600ECD375 /* Release */ = {
			isa = XCBuildConfiguration;
			baseConfigurationReference = C71CE6059C014DFABC5B4F22 /* Pods.xcconfig */;
			buildSettings = {
				ASSETCATALOG_COMPILER_APPICON_NAME = AppIcon;
				ASSETCATALOG_COMPILER_LAUNCHIMAGE_NAME = LaunchImage;
				CODE_SIGN_IDENTITY = "iPhone Developer";
				"CODE_SIGN_IDENTITY[sdk=iphoneos*]" = "iPhone Developer";
				FRAMEWORK_SEARCH_PATHS = (
					"$(inherited)",
					"$(PROJECT_DIR)/tumitfahrer/UbertestersSDK",
				);
				GCC_PRECOMPILE_PREFIX_HEADER = YES;
				GCC_PREFIX_HEADER = "tumitfahrer/tumitfahrer-Prefix.pch";
				INFOPLIST_FILE = "tumitfahrer/tumitfahrer-Info.plist";
				PRODUCT_NAME = "$(TARGET_NAME)";
				PROVISIONING_PROFILE = "";
				WRAPPER_EXTENSION = app;
			};
			name = Release;
		};
		E522BAEC18AE13F600ECD375 /* Debug */ = {
			isa = XCBuildConfiguration;
			buildSettings = {
				BUNDLE_LOADER = "$(BUILT_PRODUCTS_DIR)/tumitfahrer.app/tumitfahrer";
				FRAMEWORK_SEARCH_PATHS = (
					"$(SDKROOT)/Developer/Library/Frameworks",
					"$(inherited)",
					"$(DEVELOPER_FRAMEWORKS_DIR)",
				);
				GCC_PRECOMPILE_PREFIX_HEADER = YES;
				GCC_PREFIX_HEADER = "tumitfahrer/tumitfahrer-Prefix.pch";
				GCC_PREPROCESSOR_DEFINITIONS = (
					"DEBUG=1",
					"$(inherited)",
				);
				INFOPLIST_FILE = "tumitfahrerTests/tumitfahrerTests-Info.plist";
				PRODUCT_NAME = "$(TARGET_NAME)";
				TEST_HOST = "$(BUNDLE_LOADER)";
				WRAPPER_EXTENSION = xctest;
			};
			name = Debug;
		};
		E522BAED18AE13F600ECD375 /* Release */ = {
			isa = XCBuildConfiguration;
			buildSettings = {
				BUNDLE_LOADER = "$(BUILT_PRODUCTS_DIR)/tumitfahrer.app/tumitfahrer";
				FRAMEWORK_SEARCH_PATHS = (
					"$(SDKROOT)/Developer/Library/Frameworks",
					"$(inherited)",
					"$(DEVELOPER_FRAMEWORKS_DIR)",
				);
				GCC_PRECOMPILE_PREFIX_HEADER = YES;
				GCC_PREFIX_HEADER = "tumitfahrer/tumitfahrer-Prefix.pch";
				INFOPLIST_FILE = "tumitfahrerTests/tumitfahrerTests-Info.plist";
				PRODUCT_NAME = "$(TARGET_NAME)";
				TEST_HOST = "$(BUNDLE_LOADER)";
				WRAPPER_EXTENSION = xctest;
			};
			name = Release;
		};
/* End XCBuildConfiguration section */

/* Begin XCConfigurationList section */
		E522BAB118AE13F600ECD375 /* Build configuration list for PBXProject "tumitfahrer" */ = {
			isa = XCConfigurationList;
			buildConfigurations = (
				E522BAE618AE13F600ECD375 /* Debug */,
				E522BAE718AE13F600ECD375 /* Release */,
			);
			defaultConfigurationIsVisible = 0;
			defaultConfigurationName = Release;
		};
		E522BAE818AE13F600ECD375 /* Build configuration list for PBXNativeTarget "tumitfahrer" */ = {
			isa = XCConfigurationList;
			buildConfigurations = (
				E522BAE918AE13F600ECD375 /* Debug */,
				E522BAEA18AE13F600ECD375 /* Release */,
			);
			defaultConfigurationIsVisible = 0;
			defaultConfigurationName = Release;
		};
		E522BAEB18AE13F600ECD375 /* Build configuration list for PBXNativeTarget "tumitfahrerTests" */ = {
			isa = XCConfigurationList;
			buildConfigurations = (
				E522BAEC18AE13F600ECD375 /* Debug */,
				E522BAED18AE13F600ECD375 /* Release */,
			);
			defaultConfigurationIsVisible = 0;
			defaultConfigurationName = Release;
		};
/* End XCConfigurationList section */
	};
	rootObject = E522BAAE18AE13F600ECD375 /* Project object */;
}
